
Microsoft Visual Studio Solution File, Format Version 12.00
# Visual Studio Version 17
VisualStudioVersion = 17.6.33829.357
MinimumVisualStudioVersion = 10.0.40219.1
Project("{FAE04EC0-301F-11D3-BF4B-00C04F79EFBC}") = "DelegeEventSample", "DelegeEventSample\DelegeEventSample.csproj", "{20E5D542-A000-4F28-9F4D-E2D54A413456}"
EndProject
Global
	GlobalSection(SolutionConfigurationPlatforms) = preSolution
		Debug|Any CPU = Debug|Any CPU
		Release|Any CPU = Release|Any CPU
	EndGlobalSection
	GlobalSection(ProjectConfigurationPlatforms) = postSolution
		{20E5D542-A000-4F28-9F4D-E2D54A413456}.Debug|Any CPU.ActiveCfg = Debug|Any CPU
		{20E5D542-A000-4F28-9F4D-E2D54A413456}.Debug|Any CPU.Build.0 = Debug|Any CPU
		{20E5D542-A000-4F28-9F4D-E2D54A413456}.Release|Any CPU.ActiveCfg = Release|Any CPU
		{20E5D542-A000-4F28-9F4D-E2D54A413456}.Release|Any CPU.Build.0 = Release|Any CPU
	EndGlobalSection
	GlobalSection(SolutionProperties) = preSolution
		HideSolutionNode = FALSE
	EndGlobalSection
	GlobalSection(ExtensibilityGlobals) = postSolution
		SolutionGuid = {0207BD78-74C4-4CED-8FC9-D7EFAA3844C9}
	EndGlobalSection
EndGlobal
